
Microsoft Visual Studio Solution File, Format Version 12.00
# Visual Studio Version 16
VisualStudioVersion = 16.0.31515.178
MinimumVisualStudioVersion = 10.0.40219.1
Project("{8BC9CEB8-8B4A-11D0-8D11-00A0C91BC942}") = "c_study", "c_study.vcxproj", "{8AC8E2E4-DBB9-44B1-A94A-0D63B3246F06}"
EndProject
Global
	GlobalSection(SolutionConfigurationPlatforms) = preSolution
		Debug|x64 = Debug|x64
		Debug|x86 = Debug|x86
		Release|x64 = Release|x64
		Release|x86 = Release|x86
	EndGlobalSection
	GlobalSection(ProjectConfigurationPlatforms) = postSolution
		{8AC8E2E4-DBB9-44B1-A94A-0D63B3246F06}.Debug|x64.ActiveCfg = Debug|x64
		{8AC8E2E4-DBB9-44B1-A94A-0D63B3246F06}.Debug|x64.Build.0 = Debug|x64
		{8AC8E2E4-DBB9-44B1-A94A-0D63B3246F06}.Debug|x86.ActiveCfg = Debug|Win32
		{8AC8E2E4-DBB9-44B1-A94A-0D63B3246F06}.Debug|x86.Build.0 = Debug|Win32
		{8AC8E2E4-DBB9-44B1-A94A-0D63B3246F06}.Release|x64.ActiveCfg = Release|x64
		{8AC8E2E4-DBB9-44B1-A94A-0D63B3246F06}.Release|x64.Build.0 = Release|x64
		{8AC8E2E4-DBB9-44B1-A94A-0D63B3246F06}.Release|x86.ActiveCfg = Release|Win32
		{8AC8E2E4-DBB9-44B1-A94A-0D63B3246F06}.Release|x86.Build.0 = Release|Win32
	EndGlobalSection
	GlobalSection(SolutionProperties) = preSolution
		HideSolutionNode = FALSE
	EndGlobalSection
	GlobalSection(ExtensibilityGlobals) = postSolution
		SolutionGuid = {73A0386B-0F08-4E7F-8A89-9C9BB7B262C4}
	EndGlobalSection
EndGlobal
